
Microsoft Visual Studio Solution File, Format Version 12.00
# Visual Studio Version 17
VisualStudioVersion = 17.1.32210.238
MinimumVisualStudioVersion = 10.0.40219.1
Project("{9A19103F-16F7-4668-BE54-9A1E7A4F7556}") = "AspEndpoint", "AspEndpoint\AspEndpoint.csproj", "{D81AE0BE-07C0-4AC1-8C22-5B09893736CA}"
EndProject
Project("{9A19103F-16F7-4668-BE54-9A1E7A4F7556}") = "FileManagerLibrary", "FileManagerLibrary\FileManagerLibrary.csproj", "{753725A1-F76D-4EA2-AF28-9F82C074A117}"
EndProject
Global
	GlobalSection(SolutionConfigurationPlatforms) = preSolution
		Debug|Any CPU = Debug|Any CPU
		Release|Any CPU = Release|Any CPU
	EndGlobalSection
	GlobalSection(ProjectConfigurationPlatforms) = postSolution
		{D81AE0BE-07C0-4AC1-8C22-5B09893736CA}.Debug|Any CPU.ActiveCfg = Debug|Any CPU
		{D81AE0BE-07C0-4AC1-8C22-5B09893736CA}.Debug|Any CPU.Build.0 = Debug|Any CPU
		{D81AE0BE-07C0-4AC1-8C22-5B09893736CA}.Release|Any CPU.ActiveCfg = Release|Any CPU
		{D81AE0BE-07C0-4AC1-8C22-5B09893736CA}.Release|Any CPU.Build.0 = Release|Any CPU
		{753725A1-F76D-4EA2-AF28-9F82C074A117}.Debug|Any CPU.ActiveCfg = Debug|Any CPU
		{753725A1-F76D-4EA2-AF28-9F82C074A117}.Debug|Any CPU.Build.0 = Debug|Any CPU
		{753725A1-F76D-4EA2-AF28-9F82C074A117}.Release|Any CPU.ActiveCfg = Release|Any CPU
		{753725A1-F76D-4EA2-AF28-9F82C074A117}.Release|Any CPU.Build.0 = Release|Any CPU
	EndGlobalSection
	GlobalSection(SolutionProperties) = preSolution
		HideSolutionNode = FALSE
	EndGlobalSection
	GlobalSection(ExtensibilityGlobals) = postSolution
		SolutionGuid = {62634824-E13F-477B-9167-55B0498B6499}
	EndGlobalSection
EndGlobal
